<?xml version="1.0" encoding="utf-8"?>
<Project ToolsVersion="4.0" xmlns="http://schemas.microsoft.com/developer/msbuild/2003">
  <ItemGroup>
    <Filter Include="Source Files">
      <UniqueIdentifier>{4FC737F1-C7A5-4376-A066-2A32D752A2FF}</UniqueIdentifier>
      <Extensions>cpp;c;cc;cxx;def;odl;idl;hpj;bat;asm;asmx</Extensions>
    </Filter>
    <Filter Include="Header Files">
      <UniqueIdentifier>{93995380-89BD-4b04-88EB-625FBE52EBFB}</UniqueIdentifier>
      <Extensions>h;hh;hpp;hxx;hm;inl;inc;ipp;xsd</Extensions>
    </Filter>
    <Filter Include="Resource Files">
      <UniqueIdentifier>{67DA6AB6-F800-4c08-8B7A-83BB121AAD01}</UniqueIdentifier>
      <Extensions>rc;ico;cur;bmp;dlg;rc2;rct;bin;rgs;gif;jpg;jpeg;jpe;resx;tiff;tif;png;wav;mfcribbon-ms</Extensions>
    </Filter>
    <Filter Include="Shaders">
      <UniqueIdentifier>{2727062e-425e-4a9c-87db-7df6f00812c7}</UniqueIdentifier>
    </Filter>
  </ItemGroup>
  <ItemGroup>
    <ClCompile Include="Src\Planet\Private\WinMain.cpp">
      <Filter>Source Files</Filter>
    </ClCompile>
    <ClCompile Include="Src\Planet\Private\PlanetEngine.cpp">
      <Filter>Source Files</Filter>
    </ClCompile>
    <ClCompile Include="Src\Planet\Private\Platform\Window.cpp">
      <Filter>Source Files</Filter>
    </ClCompile>
    <ClCompile Include="Src\Planet\Private\Renderer\D3DRenderer.cpp">
      <Filter>Source Files</Filter>
    </ClCompile>
    <ClCompile Include="Src\Planet\Private\Renderer\D3DShader.cpp">
      <Filter>Source Files</Filter>
    </ClCompile>
    <ClCompile Include="Src\Planet\Private\Mesh\Mesh.cpp">
      <Filter>Source Files</Filter>
    </ClCompile>
    <ClCompile Include="Src\Planet\Private\Mesh\OBJImporter.cpp">
      <Filter>Source Files</Filter>
    </ClCompile>
    <ClCompile Include="Src\Planet\Private\Mesh\Primitives.cpp">
      <Filter>Source Files</Filter>
    </ClCompile>
    <ClCompile Include="Src\Planet\Private\Math\Elipsoid.cpp">
      <Filter>Source Files</Filter>
    </ClCompile>
    <ClCompile Include="Src\Planet\Private\World\SkyDome.cpp">
      <Filter>Source Files</Filter>
    </ClCompile>
    <ClCompile Include="Src\Planet\Private\Entity\Entity.cpp">
      <Filter>Source Files</Filter>
    </ClCompile>
    <ClCompile Include="Src\Planet\Private\Mesh\MeshComponent.cpp">
      <Filter>Source Files</Filter>
    </ClCompile>
    <ClCompile Include="Src\Planet\Private\World\Scene.cpp">
      <Filter>Source Files</Filter>
    </ClCompile>
    <ClCompile Include="Src\Planet\Private\Entity\Component.cpp">
      <Filter>Source Files</Filter>
    </ClCompile>
    <ClCompile Include="Src\Planet\Private\Math\Transform.cpp">
      <Filter>Source Files</Filter>
    </ClCompile>
    <ClCompile Include="Src\Planet\Private\Mesh\GPUResourceManager.cpp">
      <Filter>Source Files</Filter>
    </ClCompile>
    <ClCompile Include="Src\Planet\Private\Input\InputManager.cpp">
      <Filter>Source Files</Filter>
    </ClCompile>
    <ClCompile Include="Src\Planet\Private\Container\String.cpp">
      <Filter>Source Files</Filter>
    </ClCompile>
    <ClCompile Include="Src\Planet\Private\Platform\PlanetWindows.cpp">
      <Filter>Source Files</Filter>
    </ClCompile>
    <ClCompile Include="Src\Planet\Private\Editor\FlyCam.cpp">
      <Filter>Source Files</Filter>
    </ClCompile>
    <ClCompile Include="Src\Planet\Private\Math\Quaternion.cpp">
      <Filter>Source Files</Filter>
    </ClCompile>
    <ClCompile Include="Src\Planet\Private\Texture\Texture2D.cpp">
      <Filter>Source Files</Filter>
    </ClCompile>
  </ItemGroup>
  <ItemGroup>
    <ClInclude Include="Src\Planet\Private\PlanetEngine.h">
      <Filter>Header Files</Filter>
    </ClInclude>
    <ClInclude Include="Src\Planet\Private\Platform\Window.h">
      <Filter>Header Files</Filter>
    </ClInclude>
    <ClInclude Include="Src\Planet\Private\Platform\PlanetWindows.h">
      <Filter>Header Files</Filter>
    </ClInclude>
    <ClInclude Include="Src\Planet\Private\Platform\Platform.h">
      <Filter>Header Files</Filter>
    </ClInclude>
    <ClInclude Include="Src\Planet\Private\Renderer\D3DRenderer.h">
      <Filter>Source Files</Filter>
    </ClInclude>
    <ClInclude Include="Src\Planet\Private\Renderer\Renderer.h">
      <Filter>Header Files</Filter>
    </ClInclude>
    <ClInclude Include="Src\Planet\Private\Renderer\D3DShader.h">
      <Filter>Header Files</Filter>
    </ClInclude>
    <ClInclude Include="Src\Planet\Private\Mesh\Mesh.h">
      <Filter>Header Files</Filter>
    </ClInclude>
    <ClInclude Include="Src\Planet\Private\Container\LinkedList.h">
      <Filter>Header Files</Filter>
    </ClInclude>
    <ClInclude Include="Src\Planet\Private\Math\Vector.h">
      <Filter>Header Files</Filter>
    </ClInclude>
    <ClInclude Include="Src\Planet\Private\Mesh\OBJImporter.h">
      <Filter>Header Files</Filter>
    </ClInclude>
    <ClInclude Include="Src\Planet\Private\Mesh\Primitives.h">
      <Filter>Header Files</Filter>
    </ClInclude>
    <ClInclude Include="Src\Planet\Private\Math\Elipsoid.h">
      <Filter>Header Files</Filter>
    </ClInclude>
    <ClInclude Include="Src\Planet\Private\Entity\Entity.h">
      <Filter>Header Files</Filter>
    </ClInclude>
    <ClInclude Include="Src\Planet\Private\Math\Transform.h">
      <Filter>Header Files</Filter>
    </ClInclude>
    <ClInclude Include="Src\Planet\Private\Entity\Component.h">
      <Filter>Header Files</Filter>
    </ClInclude>
    <ClInclude Include="Src\Planet\Private\World\CameraComponent.h">
      <Filter>Header Files</Filter>
    </ClInclude>
    <ClInclude Include="Src\Planet\Private\World\SkyDome.h">
      <Filter>Header Files</Filter>
    </ClInclude>
    <ClInclude Include="Src\Planet\Private\Mesh\MeshComponent.h">
      <Filter>Header Files</Filter>
    </ClInclude>
    <ClInclude Include="Src\Planet\Private\Renderer\RenderState.h">
      <Filter>Header Files</Filter>
    </ClInclude>
    <ClInclude Include="Src\Planet\Private\World\Scene.h">
      <Filter>Header Files</Filter>
    </ClInclude>
    <ClInclude Include="Src\Planet\Private\Mesh\GPUResourceManager.h">
      <Filter>Header Files</Filter>
    </ClInclude>
    <ClInclude Include="Src\Planet\Private\Input\InputManager.h">
      <Filter>Header Files</Filter>
    </ClInclude>
    <ClInclude Include="Src\Planet\Private\Container\String.h">
      <Filter>Header Files</Filter>
    </ClInclude>
    <ClInclude Include="Src\Planet\Private\Input\KeyCode.h">
      <Filter>Header Files</Filter>
    </ClInclude>
    <ClInclude Include="Src\Planet\Private\PlanetLogging.h">
      <Filter>Header Files</Filter>
    </ClInclude>
    <ClInclude Include="Src\Planet\Private\Editor\FlyCam.h">
      <Filter>Header Files</Filter>
    </ClInclude>
    <ClInclude Include="Src\Planet\Private\Math\Quaternion.h">
      <Filter>Header Files</Filter>
    </ClInclude>
    <ClInclude Include="Src\Planet\Private\Math\Math.h">
      <Filter>Header Files</Filter>
    </ClInclude>
    <ClInclude Include="Src\Planet\Private\Texture\Texture2D.h">
      <Filter>Header Files</Filter>
    </ClInclude>
    <ClInclude Include="Src\Planet\Private\Texture\ITexture.h">
      <Filter>Header Files</Filter>
    </ClInclude>
  </ItemGroup>
  <ItemGroup>
    <FxCompile Include="Shader\VertexShader.hlsl" />
    <FxCompile Include="Shader\PixelShader.hlsl" />
    <FxCompile Include="Shader\SkySphere.hlsl" />
  </ItemGroup>
</Project>